
Microsoft Visual Studio Solution File, Format Version 12.00
# Visual Studio 15
VisualStudioVersion = 15.0.27428.2015
MinimumVisualStudioVersion = 10.0.40219.1
Project("{9A19103F-16F7-4668-BE54-9A1E7A4F7556}") = "Numero_Sortudo_Feliz", "Numero_Sortudo_Feliz\Numero_Sortudo_Feliz.csproj", "{D3A4FFCD-C8CB-4B80-A5C6-D52E2C8C55C3}"
EndProject
Project("{FAE04EC0-301F-11D3-BF4B-00C04F79EFBC}") = "Numero_Sortudo_Feliz.Tests", "Numero_Sortudo_Feliz.Tests\Numero_Sortudo_Feliz.Tests.csproj", "{B5D8DC43-0122-4F93-9161-76994DF3BBAC}"
EndProject
Global
	GlobalSection(SolutionConfigurationPlatforms) = preSolution
		Debug|Any CPU = Debug|Any CPU
		Debug|ARM = Debug|ARM
		Debug|x64 = Debug|x64
		Debug|x86 = Debug|x86
		Release|Any CPU = Release|Any CPU
		Release|ARM = Release|ARM
		Release|x64 = Release|x64
		Release|x86 = Release|x86
	EndGlobalSection
	GlobalSection(ProjectConfigurationPlatforms) = postSolution
		{D3A4FFCD-C8CB-4B80-A5C6-D52E2C8C55C3}.Debug|Any CPU.ActiveCfg = Debug|Any CPU
		{D3A4FFCD-C8CB-4B80-A5C6-D52E2C8C55C3}.Debug|Any CPU.Build.0 = Debug|Any CPU
		{D3A4FFCD-C8CB-4B80-A5C6-D52E2C8C55C3}.Debug|ARM.ActiveCfg = Debug|Any CPU
		{D3A4FFCD-C8CB-4B80-A5C6-D52E2C8C55C3}.Debug|ARM.Build.0 = Debug|Any CPU
		{D3A4FFCD-C8CB-4B80-A5C6-D52E2C8C55C3}.Debug|x64.ActiveCfg = Debug|Any CPU
		{D3A4FFCD-C8CB-4B80-A5C6-D52E2C8C55C3}.Debug|x64.Build.0 = Debug|Any CPU
		{D3A4FFCD-C8CB-4B80-A5C6-D52E2C8C55C3}.Debug|x86.ActiveCfg = Debug|Any CPU
		{D3A4FFCD-C8CB-4B80-A5C6-D52E2C8C55C3}.Debug|x86.Build.0 = Debug|Any CPU
		{D3A4FFCD-C8CB-4B80-A5C6-D52E2C8C55C3}.Release|Any CPU.ActiveCfg = Release|Any CPU
		{D3A4FFCD-C8CB-4B80-A5C6-D52E2C8C55C3}.Release|Any CPU.Build.0 = Release|Any CPU
		{D3A4FFCD-C8CB-4B80-A5C6-D52E2C8C55C3}.Release|ARM.ActiveCfg = Release|Any CPU
		{D3A4FFCD-C8CB-4B80-A5C6-D52E2C8C55C3}.Release|ARM.Build.0 = Release|Any CPU
		{D3A4FFCD-C8CB-4B80-A5C6-D52E2C8C55C3}.Release|x64.ActiveCfg = Release|Any CPU
		{D3A4FFCD-C8CB-4B80-A5C6-D52E2C8C55C3}.Release|x64.Build.0 = Release|Any CPU
		{D3A4FFCD-C8CB-4B80-A5C6-D52E2C8C55C3}.Release|x86.ActiveCfg = Release|Any CPU
		{D3A4FFCD-C8CB-4B80-A5C6-D52E2C8C55C3}.Release|x86.Build.0 = Release|Any CPU
		{B5D8DC43-0122-4F93-9161-76994DF3BBAC}.Debug|Any CPU.ActiveCfg = Debug|Any CPU
		{B5D8DC43-0122-4F93-9161-76994DF3BBAC}.Debug|Any CPU.Build.0 = Debug|Any CPU
		{B5D8DC43-0122-4F93-9161-76994DF3BBAC}.Debug|ARM.ActiveCfg = Debug|Any CPU
		{B5D8DC43-0122-4F93-9161-76994DF3BBAC}.Debug|ARM.Build.0 = Debug|Any CPU
		{B5D8DC43-0122-4F93-9161-76994DF3BBAC}.Debug|x64.ActiveCfg = Debug|Any CPU
		{B5D8DC43-0122-4F93-9161-76994DF3BBAC}.Debug|x64.Build.0 = Debug|Any CPU
		{B5D8DC43-0122-4F93-9161-76994DF3BBAC}.Debug|x86.ActiveCfg = Debug|Any CPU
		{B5D8DC43-0122-4F93-9161-76994DF3BBAC}.Debug|x86.Build.0 = Debug|Any CPU
		{B5D8DC43-0122-4F93-9161-76994DF3BBAC}.Release|Any CPU.ActiveCfg = Release|Any CPU
		{B5D8DC43-0122-4F93-9161-76994DF3BBAC}.Release|Any CPU.Build.0 = Release|Any CPU
		{B5D8DC43-0122-4F93-9161-76994DF3BBAC}.Release|ARM.ActiveCfg = Release|Any CPU
		{B5D8DC43-0122-4F93-9161-76994DF3BBAC}.Release|ARM.Build.0 = Release|Any CPU
		{B5D8DC43-0122-4F93-9161-76994DF3BBAC}.Release|x64.ActiveCfg = Release|Any CPU
		{B5D8DC43-0122-4F93-9161-76994DF3BBAC}.Release|x64.Build.0 = Release|Any CPU
		{B5D8DC43-0122-4F93-9161-76994DF3BBAC}.Release|x86.ActiveCfg = Release|Any CPU
		{B5D8DC43-0122-4F93-9161-76994DF3BBAC}.Release|x86.Build.0 = Release|Any CPU
	EndGlobalSection
	GlobalSection(SolutionProperties) = preSolution
		HideSolutionNode = FALSE
	EndGlobalSection
	GlobalSection(ExtensibilityGlobals) = postSolution
		SolutionGuid = {C085F4F2-A471-40F7-97E7-2EF37A4FC4C9}
	EndGlobalSection
EndGlobal
